// !$*UTF8*$!
{
	archiveVersion = 1;
	classes = {
	};
	objectVersion = 51;
	objects = {

/* Begin PBXBuildFile section */
		23882A70FD0BBE3CB1BA74A2 /* Pods_PetShop.framework in Frameworks */ = {isa = PBXBuildFile; fileRef = DA61F8747212EDFD009C2264 /* Pods_PetShop.framework */; };
		735DF0E623673A430071238C /* PetShopViewController.swift in Sources */ = {isa = PBXBuildFile; fileRef = 735DF0E523673A430071238C /* PetShopViewController.swift */; };
		735DF0E823673AC10071238C /* AddPetViewController.swift in Sources */ = {isa = PBXBuildFile; fileRef = 735DF0E723673AC10071238C /* AddPetViewController.swift */; };
		735DF0EA23673ACE0071238C /* GalleryViewController.swift in Sources */ = {isa = PBXBuildFile; fileRef = 735DF0E923673ACE0071238C /* GalleryViewController.swift */; };
		735DF0EC23673ADF0071238C /* PetListViewController.swift in Sources */ = {isa = PBXBuildFile; fileRef = 735DF0EB23673ADF0071238C /* PetListViewController.swift */; };
		735DF0F123674D360071238C /* Assets.xcassets in Resources */ = {isa = PBXBuildFile; fileRef = 735DF0F023674D360071238C /* Assets.xcassets */; };
		735DF0F523674E900071238C /* PetCollectionVIewCell.swift in Sources */ = {isa = PBXBuildFile; fileRef = 735DF0F323674E900071238C /* PetCollectionVIewCell.swift */; };
		735DF0F623674E900071238C /* PetCollectionVIewCell.xib in Resources */ = {isa = PBXBuildFile; fileRef = 735DF0F423674E900071238C /* PetCollectionVIewCell.xib */; };
		735DF0F9236753300071238C /* PetDataBase.swift in Sources */ = {isa = PBXBuildFile; fileRef = 735DF0F8236753300071238C /* PetDataBase.swift */; };
		735DF0FC236758060071238C /* Pet.swift in Sources */ = {isa = PBXBuildFile; fileRef = 735DF0FB236758060071238C /* Pet.swift */; };
		735DF0FF23675B9C0071238C /* _uicollectionview.swift in Sources */ = {isa = PBXBuildFile; fileRef = 735DF0FE23675B9C0071238C /* _uicollectionview.swift */; };
		735DF10123675D3A0071238C /* DetailsViewController.swift in Sources */ = {isa = PBXBuildFile; fileRef = 735DF10023675D3A0071238C /* DetailsViewController.swift */; };
		73648714236AC592001D81CE /* AppPrefs.swift in Sources */ = {isa = PBXBuildFile; fileRef = 73648713236AC592001D81CE /* AppPrefs.swift */; };
		73648716236AC8EE001D81CE /* _swinject.swift in Sources */ = {isa = PBXBuildFile; fileRef = 73648715236AC8EE001D81CE /* _swinject.swift */; };
		736DCBCD236B5CBF00FFC577 /* _uiview.swift in Sources */ = {isa = PBXBuildFile; fileRef = 736DCBCC236B5CBF00FFC577 /* _uiview.swift */; };
		73D7C2E3236734C400171DDC /* AppDelegate.swift in Sources */ = {isa = PBXBuildFile; fileRef = 73D7C2E2236734C400171DDC /* AppDelegate.swift */; };
		73D7C2E5236734C400171DDC /* SceneDelegate.swift in Sources */ = {isa = PBXBuildFile; fileRef = 73D7C2E4236734C400171DDC /* SceneDelegate.swift */; };
		73D7C2E7236734C400171DDC /* ViewController.swift in Sources */ = {isa = PBXBuildFile; fileRef = 73D7C2E6236734C400171DDC /* ViewController.swift */; };
		73D7C2EA236734C400171DDC /* Main.storyboard in Resources */ = {isa = PBXBuildFile; fileRef = 73D7C2E8236734C400171DDC /* Main.storyboard */; };
		73D7C2EF236734C500171DDC /* LaunchScreen.storyboard in Resources */ = {isa = PBXBuildFile; fileRef = 73D7C2ED236734C500171DDC /* LaunchScreen.storyboard */; };
		73D7C2FA236734C500171DDC /* PetShopTests.swift in Sources */ = {isa = PBXBuildFile; fileRef = 73D7C2F9236734C500171DDC /* PetShopTests.swift */; };
		8C53C9160B8A89572CD0570B /* Pods_PetShopTests.framework in Frameworks */ = {isa = PBXBuildFile; fileRef = FC3D9C453BDC4D43D0608089 /* Pods_PetShopTests.framework */; };
/* End PBXBuildFile section */

/* Begin PBXContainerItemProxy section */
		73D7C2F6236734C500171DDC /* PBXContainerItemProxy */ = {
			isa = PBXContainerItemProxy;
			containerPortal = 73D7C2D7236734C400171DDC /* Project object */;
			proxyType = 1;
			remoteGlobalIDString = 73D7C2DE236734C400171DDC;
			remoteInfo = PetShop;
		};
/* End PBXContainerItemProxy section */

/* Begin PBXFileReference section */
		12A531B47CBB429CE91B1A2A /* Pods-PetShopTests.release.xcconfig */ = {isa = PBXFileReference; includeInIndex = 1; lastKnownFileType = text.xcconfig; name = "Pods-PetShopTests.release.xcconfig"; path = "Target Support Files/Pods-PetShopTests/Pods-PetShopTests.release.xcconfig"; sourceTree = "<group>"; };
		1A174269B0BAFBD062077522 /* Pods-PetShop.debug.xcconfig */ = {isa = PBXFileReference; includeInIndex = 1; lastKnownFileType = text.xcconfig; name = "Pods-PetShop.debug.xcconfig"; path = "Target Support Files/Pods-PetShop/Pods-PetShop.debug.xcconfig"; sourceTree = "<group>"; };
		267AA799B4817BEE67DC56DE /* Pods-PetShop.release.xcconfig */ = {isa = PBXFileReference; includeInIndex = 1; lastKnownFileType = text.xcconfig; name = "Pods-PetShop.release.xcconfig"; path = "Target Support Files/Pods-PetShop/Pods-PetShop.release.xcconfig"; sourceTree = "<group>"; };
		735DF0E523673A430071238C /* PetShopViewController.swift */ = {isa = PBXFileReference; lastKnownFileType = sourcecode.swift; path = PetShopViewController.swift; sourceTree = "<group>"; };
		735DF0E723673AC10071238C /* AddPetViewController.swift */ = {isa = PBXFileReference; lastKnownFileType = sourcecode.swift; path = AddPetViewController.swift; sourceTree = "<group>"; };
		735DF0E923673ACE0071238C /* GalleryViewController.swift */ = {isa = PBXFileReference; lastKnownFileType = sourcecode.swift; path = GalleryViewController.swift; sourceTree = "<group>"; };
		735DF0EB23673ADF0071238C /* PetListViewController.swift */ = {isa = PBXFileReference; lastKnownFileType = sourcecode.swift; path = PetListViewController.swift; sourceTree = "<group>"; };
		735DF0F023674D360071238C /* Assets.xcassets */ = {isa = PBXFileReference; lastKnownFileType = folder.assetcatalog; path = Assets.xcassets; sourceTree = "<group>"; };
		735DF0F323674E900071238C /* PetCollectionVIewCell.swift */ = {isa = PBXFileReference; lastKnownFileType = sourcecode.swift; path = PetCollectionVIewCell.swift; sourceTree = "<group>"; };
		735DF0F423674E900071238C /* PetCollectionVIewCell.xib */ = {isa = PBXFileReference; lastKnownFileType = file.xib; path = PetCollectionVIewCell.xib; sourceTree = "<group>"; };
		735DF0F8236753300071238C /* PetDataBase.swift */ = {isa = PBXFileReference; lastKnownFileType = sourcecode.swift; path = PetDataBase.swift; sourceTree = "<group>"; };
		735DF0FB236758060071238C /* Pet.swift */ = {isa = PBXFileReference; lastKnownFileType = sourcecode.swift; path = Pet.swift; sourceTree = "<group>"; };
		735DF0FE23675B9C0071238C /* _uicollectionview.swift */ = {isa = PBXFileReference; lastKnownFileType = sourcecode.swift; path = _uicollectionview.swift; sourceTree = "<group>"; };
		735DF10023675D3A0071238C /* DetailsViewController.swift */ = {isa = PBXFileReference; lastKnownFileType = sourcecode.swift; path = DetailsViewController.swift; sourceTree = "<group>"; };
		73648713236AC592001D81CE /* AppPrefs.swift */ = {isa = PBXFileReference; lastKnownFileType = sourcecode.swift; path = AppPrefs.swift; sourceTree = "<group>"; };
		73648715236AC8EE001D81CE /* _swinject.swift */ = {isa = PBXFileReference; lastKnownFileType = sourcecode.swift; path = _swinject.swift; sourceTree = "<group>"; };
		736DCBCC236B5CBF00FFC577 /* _uiview.swift */ = {isa = PBXFileReference; lastKnownFileType = sourcecode.swift; path = _uiview.swift; sourceTree = "<group>"; };
		73D7C2DF236734C400171DDC /* PetShop.app */ = {isa = PBXFileReference; explicitFileType = wrapper.application; includeInIndex = 0; path = PetShop.app; sourceTree = BUILT_PRODUCTS_DIR; };
		73D7C2E2236734C400171DDC /* AppDelegate.swift */ = {isa = PBXFileReference; lastKnownFileType = sourcecode.swift; path = AppDelegate.swift; sourceTree = "<group>"; };
		73D7C2E4236734C400171DDC /* SceneDelegate.swift */ = {isa = PBXFileReference; lastKnownFileType = sourcecode.swift; path = SceneDelegate.swift; sourceTree = "<group>"; };
		73D7C2E6236734C400171DDC /* ViewController.swift */ = {isa = PBXFileReference; lastKnownFileType = sourcecode.swift; path = ViewController.swift; sourceTree = "<group>"; };
		73D7C2E9236734C400171DDC /* Base */ = {isa = PBXFileReference; lastKnownFileType = file.storyboard; name = Base; path = Base.lproj/Main.storyboard; sourceTree = "<group>"; };
		73D7C2EE236734C500171DDC /* Base */ = {isa = PBXFileReference; lastKnownFileType = file.storyboard; name = Base; path = Base.lproj/LaunchScreen.storyboard; sourceTree = "<group>"; };
		73D7C2F0236734C500171DDC /* Info.plist */ = {isa = PBXFileReference; lastKnownFileType = text.plist.xml; path = Info.plist; sourceTree = "<group>"; };
		73D7C2F5236734C500171DDC /* PetShopTests.xctest */ = {isa = PBXFileReference; explicitFileType = wrapper.cfbundle; includeInIndex = 0; path = PetShopTests.xctest; sourceTree = BUILT_PRODUCTS_DIR; };
		73D7C2F9236734C500171DDC /* PetShopTests.swift */ = {isa = PBXFileReference; lastKnownFileType = sourcecode.swift; path = PetShopTests.swift; sourceTree = "<group>"; };
		73D7C2FB236734C500171DDC /* Info.plist */ = {isa = PBXFileReference; lastKnownFileType = text.plist.xml; path = Info.plist; sourceTree = "<group>"; };
		C6291F4F90C9BD08B51F68DD /* Pods-PetShopTests.debug.xcconfig */ = {isa = PBXFileReference; includeInIndex = 1; lastKnownFileType = text.xcconfig; name = "Pods-PetShopTests.debug.xcconfig"; path = "Target Support Files/Pods-PetShopTests/Pods-PetShopTests.debug.xcconfig"; sourceTree = "<group>"; };
		DA61F8747212EDFD009C2264 /* Pods_PetShop.framework */ = {isa = PBXFileReference; explicitFileType = wrapper.framework; includeInIndex = 0; path = Pods_PetShop.framework; sourceTree = BUILT_PRODUCTS_DIR; };
		FC3D9C453BDC4D43D0608089 /* Pods_PetShopTests.framework */ = {isa = PBXFileReference; explicitFileType = wrapper.framework; includeInIndex = 0; path = Pods_PetShopTests.framework; sourceTree = BUILT_PRODUCTS_DIR; };
/* End PBXFileReference section */

/* Begin PBXFrameworksBuildPhase section */
		73D7C2DC236734C400171DDC /* Frameworks */ = {
			isa = PBXFrameworksBuildPhase;
			buildActionMask = 2147483647;
			files = (
				23882A70FD0BBE3CB1BA74A2 /* Pods_PetShop.framework in Frameworks */,
			);
			runOnlyForDeploymentPostprocessing = 0;
		};
		73D7C2F2236734C500171DDC /* Frameworks */ = {
			isa = PBXFrameworksBuildPhase;
			buildActionMask = 2147483647;
			files = (
				8C53C9160B8A89572CD0570B /* Pods_PetShopTests.framework in Frameworks */,
			);
			runOnlyForDeploymentPostprocessing = 0;
		};
/* End PBXFrameworksBuildPhase section */

/* Begin PBXGroup section */
		53FF0E1F3F15A6296DECA33C /* Frameworks */ = {
			isa = PBXGroup;
			children = (
				DA61F8747212EDFD009C2264 /* Pods_PetShop.framework */,
				FC3D9C453BDC4D43D0608089 /* Pods_PetShopTests.framework */,
			);
			name = Frameworks;
			sourceTree = "<group>";
		};
		735DF0F223674E5E0071238C /* PetView */ = {
			isa = PBXGroup;
			children = (
				735DF0F323674E900071238C /* PetCollectionVIewCell.swift */,
				735DF0F423674E900071238C /* PetCollectionVIewCell.xib */,
			);
			path = PetView;
			sourceTree = "<group>";
		};
		735DF0F7236753040071238C /* persistence */ = {
			isa = PBXGroup;
			children = (
				735DF0F8236753300071238C /* PetDataBase.swift */,
			);
			path = persistence;
			sourceTree = "<group>";
		};
		735DF0FA236757FC0071238C /* model */ = {
			isa = PBXGroup;
			children = (
				735DF0FB236758060071238C /* Pet.swift */,
			);
			path = model;
			sourceTree = "<group>";
		};
		735DF0FD23675B740071238C /* extentions */ = {
			isa = PBXGroup;
			children = (
				735DF0FE23675B9C0071238C /* _uicollectionview.swift */,
				73648715236AC8EE001D81CE /* _swinject.swift */,
				736DCBCC236B5CBF00FFC577 /* _uiview.swift */,
			);
			path = extentions;
			sourceTree = "<group>";
		};
		73648712236AC4F8001D81CE /* business */ = {
			isa = PBXGroup;
			children = (
				73648713236AC592001D81CE /* AppPrefs.swift */,
			);
			path = business;
			sourceTree = "<group>";
		};
		73D7C2D6236734C400171DDC = {
			isa = PBXGroup;
			children = (
				73D7C2E1236734C400171DDC /* PetShop */,
				73D7C2F8236734C500171DDC /* PetShopTests */,
				73D7C2E0236734C400171DDC /* Products */,
				B226437637A77A030A70BB52 /* Pods */,
				53FF0E1F3F15A6296DECA33C /* Frameworks */,
			);
			sourceTree = "<group>";
		};
		73D7C2E0236734C400171DDC /* Products */ = {
			isa = PBXGroup;
			children = (
				73D7C2DF236734C400171DDC /* PetShop.app */,
				73D7C2F5236734C500171DDC /* PetShopTests.xctest */,
			);
			name = Products;
			sourceTree = "<group>";
		};
		73D7C2E1236734C400171DDC /* PetShop */ = {
			isa = PBXGroup;
			children = (
				73648712236AC4F8001D81CE /* business */,
				735DF0FD23675B740071238C /* extentions */,
				735DF0FA236757FC0071238C /* model */,
				735DF0F7236753040071238C /* persistence */,
				73D7C305236735EC00171DDC /* controller */,
				73D7C304236735E700171DDC /* view */,
				73D7C2E2236734C400171DDC /* AppDelegate.swift */,
				73D7C2E4236734C400171DDC /* SceneDelegate.swift */,
				735DF0F023674D360071238C /* Assets.xcassets */,
				73D7C2F0236734C500171DDC /* Info.plist */,
			);
			path = PetShop;
			sourceTree = "<group>";
		};
		73D7C2F8236734C500171DDC /* PetShopTests */ = {
			isa = PBXGroup;
			children = (
				73D7C2F9236734C500171DDC /* PetShopTests.swift */,
				73D7C2FB236734C500171DDC /* Info.plist */,
			);
			path = PetShopTests;
			sourceTree = "<group>";
		};
		73D7C304236735E700171DDC /* view */ = {
			isa = PBXGroup;
			children = (
				735DF0F223674E5E0071238C /* PetView */,
				73D7C2E8236734C400171DDC /* Main.storyboard */,
				73D7C2ED236734C500171DDC /* LaunchScreen.storyboard */,
			);
			path = view;
			sourceTree = "<group>";
		};
		73D7C305236735EC00171DDC /* controller */ = {
			isa = PBXGroup;
			children = (
				73D7C2E6236734C400171DDC /* ViewController.swift */,
				735DF0E523673A430071238C /* PetShopViewController.swift */,
				735DF0E723673AC10071238C /* AddPetViewController.swift */,
				735DF0E923673ACE0071238C /* GalleryViewController.swift */,
				735DF0EB23673ADF0071238C /* PetListViewController.swift */,
				735DF10023675D3A0071238C /* DetailsViewController.swift */,
			);
			path = controller;
			sourceTree = "<group>";
		};
		B226437637A77A030A70BB52 /* Pods */ = {
			isa = PBXGroup;
			children = (
				1A174269B0BAFBD062077522 /* Pods-PetShop.debug.xcconfig */,
				267AA799B4817BEE67DC56DE /* Pods-PetShop.release.xcconfig */,
				C6291F4F90C9BD08B51F68DD /* Pods-PetShopTests.debug.xcconfig */,
				12A531B47CBB429CE91B1A2A /* Pods-PetShopTests.release.xcconfig */,
			);
			path = Pods;
			sourceTree = "<group>";
		};
/* End PBXGroup section */

/* Begin PBXNativeTarget section */
		73D7C2DE236734C400171DDC /* PetShop */ = {
			isa = PBXNativeTarget;
			buildConfigurationList = 73D7C2FE236734C500171DDC /* Build configuration list for PBXNativeTarget "PetShop" */;
			buildPhases = (
				F0B6E53B83144B700D7D8D6D /* [CP] Check Pods Manifest.lock */,
				73D7C2DB236734C400171DDC /* Sources */,
				73D7C2DC236734C400171DDC /* Frameworks */,
				73D7C2DD236734C400171DDC /* Resources */,
				25F3D019DC1B01A3CA4DFD74 /* [CP] Embed Pods Frameworks */,
			);
			buildRules = (
			);
			dependencies = (
			);
			name = PetShop;
			productName = PetShop;
			productReference = 73D7C2DF236734C400171DDC /* PetShop.app */;
			productType = "com.apple.product-type.application";
		};
		73D7C2F4236734C500171DDC /* PetShopTests */ = {
			isa = PBXNativeTarget;
			buildConfigurationList = 73D7C301236734C500171DDC /* Build configuration list for PBXNativeTarget "PetShopTests" */;
			buildPhases = (
				C8E9AF4B993DB25E9059DC37 /* [CP] Check Pods Manifest.lock */,
				73D7C2F1236734C500171DDC /* Sources */,
				73D7C2F2236734C500171DDC /* Frameworks */,
				73D7C2F3236734C500171DDC /* Resources */,
			);
			buildRules = (
			);
			dependencies = (
				73D7C2F7236734C500171DDC /* PBXTargetDependency */,
			);
			name = PetShopTests;
			productName = PetShopTests;
			productReference = 73D7C2F5236734C500171DDC /* PetShopTests.xctest */;
			productType = "com.apple.product-type.bundle.unit-test";
		};
/* End PBXNativeTarget section */

/* Begin PBXProject section */
		73D7C2D7236734C400171DDC /* Project object */ = {
			isa = PBXProject;
			attributes = {
				LastSwiftUpdateCheck = 1100;
				LastUpgradeCheck = 1100;
				ORGANIZATIONNAME = "Sipos Eduard";
				TargetAttributes = {
					73D7C2DE236734C400171DDC = {
						CreatedOnToolsVersion = 11.0;
					};
					73D7C2F4236734C500171DDC = {
						CreatedOnToolsVersion = 11.0;
						TestTargetID = 73D7C2DE236734C400171DDC;
					};
				};
			};
			buildConfigurationList = 73D7C2DA236734C400171DDC /* Build configuration list for PBXProject "PetShop" */;
			compatibilityVersion = "Xcode 9.3";
			developmentRegion = en;
			hasScannedForEncodings = 0;
			knownRegions = (
				en,
				Base,
			);
			mainGroup = 73D7C2D6236734C400171DDC;
			productRefGroup = 73D7C2E0236734C400171DDC /* Products */;
			projectDirPath = "";
			projectRoot = "";
			targets = (
				73D7C2DE236734C400171DDC /* PetShop */,
				73D7C2F4236734C500171DDC /* PetShopTests */,
			);
		};
/* End PBXProject section */

/* Begin PBXResourcesBuildPhase section */
		73D7C2DD236734C400171DDC /* Resources */ = {
			isa = PBXResourcesBuildPhase;
			buildActionMask = 2147483647;
			files = (
				73D7C2EF236734C500171DDC /* LaunchScreen.storyboard in Resources */,
				735DF0F123674D360071238C /* Assets.xcassets in Resources */,
				735DF0F623674E900071238C /* PetCollectionVIewCell.xib in Resources */,
				73D7C2EA236734C400171DDC /* Main.storyboard in Resources */,
			);
			runOnlyForDeploymentPostprocessing = 0;
		};
		73D7C2F3236734C500171DDC /* Resources */ = {
			isa = PBXResourcesBuildPhase;
			buildActionMask = 2147483647;
			files = (
			);
			runOnlyForDeploymentPostprocessing = 0;
		};
/* End PBXResourcesBuildPhase section */

/* Begin PBXShellScriptBuildPhase section */
		25F3D019DC1B01A3CA4DFD74 /* [CP] Embed Pods Frameworks */ = {
			isa = PBXShellScriptBuildPhase;
			buildActionMask = 2147483647;
			files = (
			);
			inputFileListPaths = (
				"${PODS_ROOT}/Target Support Files/Pods-PetShop/Pods-PetShop-frameworks-${CONFIGURATION}-input-files.xcfilelist",
			);
			name = "[CP] Embed Pods Frameworks";
			outputFileListPaths = (
				"${PODS_ROOT}/Target Support Files/Pods-PetShop/Pods-PetShop-frameworks-${CONFIGURATION}-output-files.xcfilelist",
			);
			runOnlyForDeploymentPostprocessing = 0;
			shellPath = /bin/sh;
			shellScript = "\"${PODS_ROOT}/Target Support Files/Pods-PetShop/Pods-PetShop-frameworks.sh\"\n";
			showEnvVarsInLog = 0;
		};
		C8E9AF4B993DB25E9059DC37 /* [CP] Check Pods Manifest.lock */ = {
			isa = PBXShellScriptBuildPhase;
			buildActionMask = 2147483647;
			files = (
			);
			inputFileListPaths = (
			);
			inputPaths = (
				"${PODS_PODFILE_DIR_PATH}/Podfile.lock",
				"${PODS_ROOT}/Manifest.lock",
			);
			name = "[CP] Check Pods Manifest.lock";
			outputFileListPaths = (
			);
			outputPaths = (
				"$(DERIVED_FILE_DIR)/Pods-PetShopTests-checkManifestLockResult.txt",
			);
			runOnlyForDeploymentPostprocessing = 0;
			shellPath = /bin/sh;
			shellScript = "diff \"${PODS_PODFILE_DIR_PATH}/Podfile.lock\" \"${PODS_ROOT}/Manifest.lock\" > /dev/null\nif [ $? != 0 ] ; then\n    # print error to STDERR\n    echo \"error: The sandbox is not in sync with the Podfile.lock. Run 'pod install' or update your CocoaPods installation.\" >&2\n    exit 1\nfi\n# This output is used by Xcode 'outputs' to avoid re-running this script phase.\necho \"SUCCESS\" > \"${SCRIPT_OUTPUT_FILE_0}\"\n";
			showEnvVarsInLog = 0;
		};
		F0B6E53B83144B700D7D8D6D /* [CP] Check Pods Manifest.lock */ = {
			isa = PBXShellScriptBuildPhase;
			buildActionMask = 2147483647;
			files = (
			);
			inputFileListPaths = (
			);
			inputPaths = (
				"${PODS_PODFILE_DIR_PATH}/Podfile.lock",
				"${PODS_ROOT}/Manifest.lock",
			);
			name = "[CP] Check Pods Manifest.lock";
			outputFileListPaths = (
			);
			outputPaths = (
				"$(DERIVED_FILE_DIR)/Pods-PetShop-checkManifestLockResult.txt",
			);
			runOnlyForDeploymentPostprocessing = 0;
			shellPath = /bin/sh;
			shellScript = "diff \"${PODS_PODFILE_DIR_PATH}/Podfile.lock\" \"${PODS_ROOT}/Manifest.lock\" > /dev/null\nif [ $? != 0 ] ; then\n    # print error to STDERR\n    echo \"error: The sandbox is not in sync with the Podfile.lock. Run 'pod install' or update your CocoaPods installation.\" >&2\n    exit 1\nfi\n# This output is used by Xcode 'outputs' to avoid re-running this script phase.\necho \"SUCCESS\" > \"${SCRIPT_OUTPUT_FILE_0}\"\n";
			showEnvVarsInLog = 0;
		};
/* End PBXShellScriptBuildPhase section */

/* Begin PBXSourcesBuildPhase section */
		73D7C2DB236734C400171DDC /* Sources */ = {
			isa = PBXSourcesBuildPhase;
			buildActionMask = 2147483647;
			files = (
				735DF0E623673A430071238C /* PetShopViewController.swift in Sources */,
				73D7C2E7236734C400171DDC /* ViewController.swift in Sources */,
				735DF0F9236753300071238C /* PetDataBase.swift in Sources */,
				735DF0FF23675B9C0071238C /* _uicollectionview.swift in Sources */,
				735DF0E823673AC10071238C /* AddPetViewController.swift in Sources */,
				735DF0EA23673ACE0071238C /* GalleryViewController.swift in Sources */,
				736DCBCD236B5CBF00FFC577 /* _uiview.swift in Sources */,
				735DF0FC236758060071238C /* Pet.swift in Sources */,
				73D7C2E3236734C400171DDC /* AppDelegate.swift in Sources */,
				73D7C2E5236734C400171DDC /* SceneDelegate.swift in Sources */,
				735DF0F523674E900071238C /* PetCollectionVIewCell.swift in Sources */,
				735DF0EC23673ADF0071238C /* PetListViewController.swift in Sources */,
				73648714236AC592001D81CE /* AppPrefs.swift in Sources */,
				73648716236AC8EE001D81CE /* _swinject.swift in Sources */,
				735DF10123675D3A0071238C /* DetailsViewController.swift in Sources */,
			);
			runOnlyForDeploymentPostprocessing = 0;
		};
		73D7C2F1236734C500171DDC /* Sources */ = {
			isa = PBXSourcesBuildPhase;
			buildActionMask = 2147483647;
			files = (
				73D7C2FA236734C500171DDC /* PetShopTests.swift in Sources */,
			);
			runOnlyForDeploymentPostprocessing = 0;
		};
/* End PBXSourcesBuildPhase section */

/* Begin PBXTargetDependency section */
		73D7C2F7236734C500171DDC /* PBXTargetDependency */ = {
			isa = PBXTargetDependency;
			target = 73D7C2DE236734C400171DDC /* PetShop */;
			targetProxy = 73D7C2F6236734C500171DDC /* PBXContainerItemProxy */;
		};
/* End PBXTargetDependency section */

/* Begin PBXVariantGroup section */
		73D7C2E8236734C400171DDC /* Main.storyboard */ = {
			isa = PBXVariantGroup;
			children = (
				73D7C2E9236734C400171DDC /* Base */,
			);
			name = Main.storyboard;
			sourceTree = "<group>";
		};
		73D7C2ED236734C500171DDC /* LaunchScreen.storyboard */ = {
			isa = PBXVariantGroup;
			children = (
				73D7C2EE236734C500171DDC /* Base */,
			);
			name = LaunchScreen.storyboard;
			sourceTree = "<group>";
		};
/* End PBXVariantGroup section */

/* Begin XCBuildConfiguration section */
		73D7C2FC236734C500171DDC /* Debug */ = {
			isa = XCBuildConfiguration;
			buildSettings = {
				ALWAYS_SEARCH_USER_PATHS = NO;
				CLANG_ANALYZER_NONNULL = YES;
				CLANG_ANALYZER_NUMBER_OBJECT_CONVERSION = YES_AGGRESSIVE;
				CLANG_CXX_LANGUAGE_STANDARD = "gnu++14";
				CLANG_CXX_LIBRARY = "libc++";
				CLANG_ENABLE_MODULES = YES;
				CLANG_ENABLE_OBJC_ARC = YES;
				CLANG_ENABLE_OBJC_WEAK = YES;
				CLANG_WARN_BLOCK_CAPTURE_AUTORELEASING = YES;
				CLANG_WARN_BOOL_CONVERSION = YES;
				CLANG_WARN_COMMA = YES;
				CLANG_WARN_CONSTANT_CONVERSION = YES;
				CLANG_WARN_DEPRECATED_OBJC_IMPLEMENTATIONS = YES;
				CLANG_WARN_DIRECT_OBJC_ISA_USAGE = YES_ERROR;
				CLANG_WARN_DOCUMENTATION_COMMENTS = YES;
				CLANG_WARN_EMPTY_BODY = YES;
				CLANG_WARN_ENUM_CONVERSION = YES;
				CLANG_WARN_INFINITE_RECURSION = YES;
				CLANG_WARN_INT_CONVERSION = YES;
				CLANG_WARN_NON_LITERAL_NULL_CONVERSION = YES;
				CLANG_WARN_OBJC_IMPLICIT_RETAIN_SELF = YES;
				CLANG_WARN_OBJC_LITERAL_CONVERSION = YES;
				CLANG_WARN_OBJC_ROOT_CLASS = YES_ERROR;
				CLANG_WARN_RANGE_LOOP_ANALYSIS = YES;
				CLANG_WARN_STRICT_PROTOTYPES = YES;
				CLANG_WARN_SUSPICIOUS_MOVE = YES;
				CLANG_WARN_UNGUARDED_AVAILABILITY = YES_AGGRESSIVE;
				CLANG_WARN_UNREACHABLE_CODE = YES;
				CLANG_WARN__DUPLICATE_METHOD_MATCH = YES;
				COPY_PHASE_STRIP = NO;
				DEBUG_INFORMATION_FORMAT = dwarf;
				ENABLE_STRICT_OBJC_MSGSEND = YES;
				ENABLE_TESTABILITY = YES;
				GCC_C_LANGUAGE_STANDARD = gnu11;
				GCC_DYNAMIC_NO_PIC = NO;
				GCC_NO_COMMON_BLOCKS = YES;
				GCC_OPTIMIZATION_LEVEL = 0;
				GCC_PREPROCESSOR_DEFINITIONS = (
					"DEBUG=1",
					"$(inherited)",
				);
				GCC_WARN_64_TO_32_BIT_CONVERSION = YES;
				GCC_WARN_ABOUT_RETURN_TYPE = YES_ERROR;
				GCC_WARN_UNDECLARED_SELECTOR = YES;
				GCC_WARN_UNINITIALIZED_AUTOS = YES_AGGRESSIVE;
				GCC_WARN_UNUSED_FUNCTION = YES;
				GCC_WARN_UNUSED_VARIABLE = YES;
				IPHONEOS_DEPLOYMENT_TARGET = 13.0;
				MTL_ENABLE_DEBUG_INFO = INCLUDE_SOURCE;
				MTL_FAST_MATH = YES;
				ONLY_ACTIVE_ARCH = YES;
				SDKROOT = iphoneos;
				SWIFT_ACTIVE_COMPILATION_CONDITIONS = DEBUG;
				SWIFT_OPTIMIZATION_LEVEL = "-Onone";
			};
			name = Debug;
		};
		73D7C2FD236734C500171DDC /* Release */ = {
			isa = XCBuildConfiguration;
			buildSettings = {
				ALWAYS_SEARCH_USER_PATHS = NO;
				CLANG_ANALYZER_NONNULL = YES;
				CLANG_ANALYZER_NUMBER_OBJECT_CONVERSION = YES_AGGRESSIVE;
				CLANG_CXX_LANGUAGE_STANDARD = "gnu++14";
				CLANG_CXX_LIBRARY = "libc++";
				CLANG_ENABLE_MODULES = YES;
				CLANG_ENABLE_OBJC_ARC = YES;
				CLANG_ENABLE_OBJC_WEAK = YES;
				CLANG_WARN_BLOCK_CAPTURE_AUTORELEASING = YES;
				CLANG_WARN_BOOL_CONVERSION = YES;
				CLANG_WARN_COMMA = YES;
				CLANG_WARN_CONSTANT_CONVERSION = YES;
				CLANG_WARN_DEPRECATED_OBJC_IMPLEMENTATIONS = YES;
				CLANG_WARN_DIRECT_OBJC_ISA_USAGE = YES_ERROR;
				CLANG_WARN_DOCUMENTATION_COMMENTS = YES;
				CLANG_WARN_EMPTY_BODY = YES;
				CLANG_WARN_ENUM_CONVERSION = YES;
				CLANG_WARN_INFINITE_RECURSION = YES;
				CLANG_WARN_INT_CONVERSION = YES;
				CLANG_WARN_NON_LITERAL_NULL_CONVERSION = YES;
				CLANG_WARN_OBJC_IMPLICIT_RETAIN_SELF = YES;
				CLANG_WARN_OBJC_LITERAL_CONVERSION = YES;
				CLANG_WARN_OBJC_ROOT_CLASS = YES_ERROR;
				CLANG_WARN_RANGE_LOOP_ANALYSIS = YES;
				CLANG_WARN_STRICT_PROTOTYPES = YES;
				CLANG_WARN_SUSPICIOUS_MOVE = YES;
				CLANG_WARN_UNGUARDED_AVAILABILITY = YES_AGGRESSIVE;
				CLANG_WARN_UNREACHABLE_CODE = YES;
				CLANG_WARN__DUPLICATE_METHOD_MATCH = YES;
				COPY_PHASE_STRIP = NO;
				DEBUG_INFORMATION_FORMAT = "dwarf-with-dsym";
				ENABLE_NS_ASSERTIONS = NO;
				ENABLE_STRICT_OBJC_MSGSEND = YES;
				GCC_C_LANGUAGE_STANDARD = gnu11;
				GCC_NO_COMMON_BLOCKS = YES;
				GCC_WARN_64_TO_32_BIT_CONVERSION = YES;
				GCC_WARN_ABOUT_RETURN_TYPE = YES_ERROR;
				GCC_WARN_UNDECLARED_SELECTOR = YES;
				GCC_WARN_UNINITIALIZED_AUTOS = YES_AGGRESSIVE;
				GCC_WARN_UNUSED_FUNCTION = YES;
				GCC_WARN_UNUSED_VARIABLE = YES;
				IPHONEOS_DEPLOYMENT_TARGET = 13.0;
				MTL_ENABLE_DEBUG_INFO = NO;
				MTL_FAST_MATH = YES;
				SDKROOT = iphoneos;
				SWIFT_COMPILATION_MODE = wholemodule;
				SWIFT_OPTIMIZATION_LEVEL = "-O";
				VALIDATE_PRODUCT = YES;
			};
			name = Release;
		};
		73D7C2FF236734C500171DDC /* Debug */ = {
			isa = XCBuildConfiguration;
			baseConfigurationReference = 1A174269B0BAFBD062077522 /* Pods-PetShop.debug.xcconfig */;
			buildSettings = {
				ASSETCATALOG_COMPILER_APPICON_NAME = AppIcon;
				CODE_SIGN_STYLE = Automatic;
				DEVELOPMENT_TEAM = YLNRMJB2U3;
				INFOPLIST_FILE = PetShop/Info.plist;
				IPHONEOS_DEPLOYMENT_TARGET = 12.2;
				LD_RUNPATH_SEARCH_PATHS = (
					"$(inherited)",
					"@executable_path/Frameworks",
				);
				PRODUCT_BUNDLE_IDENTIFIER = com.workshop.petshop.PetShop;
				PRODUCT_NAME = "$(TARGET_NAME)";
				SWIFT_VERSION = 5.0;
				TARGETED_DEVICE_FAMILY = 1;
			};
			name = Debug;
		};
		73D7C300236734C500171DDC /* Release */ = {
			isa = XCBuildConfiguration;
			baseConfigurationReference = 267AA799B4817BEE67DC56DE /* Pods-PetShop.release.xcconfig */;
			buildSettings = {
				ASSETCATALOG_COMPILER_APPICON_NAME = AppIcon;
				CODE_SIGN_STYLE = Automatic;
				DEVELOPMENT_TEAM = YLNRMJB2U3;
				INFOPLIST_FILE = PetShop/Info.plist;
				IPHONEOS_DEPLOYMENT_TARGET = 12.2;
				LD_RUNPATH_SEARCH_PATHS = (
					"$(inherited)",
					"@executable_path/Frameworks",
				);
				PRODUCT_BUNDLE_IDENTIFIER = com.workshop.petshop.PetShop;
				PRODUCT_NAME = "$(TARGET_NAME)";
				SWIFT_VERSION = 5.0;
				TARGETED_DEVICE_FAMILY = 1;
			};
			name = Release;
		};
		73D7C302236734C500171DDC /* Debug */ = {
			isa = XCBuildConfiguration;
			baseConfigurationReference = C6291F4F90C9BD08B51F68DD /* Pods-PetShopTests.debug.xcconfig */;
			buildSettings = {
				ALWAYS_EMBED_SWIFT_STANDARD_LIBRARIES = YES;
				BUNDLE_LOADER = "$(TEST_HOST)";
				CODE_SIGN_STYLE = Automatic;
				DEVELOPMENT_TEAM = YLNRMJB2U3;
				INFOPLIST_FILE = PetShopTests/Info.plist;
				IPHONEOS_DEPLOYMENT_TARGET = 13.0;
				LD_RUNPATH_SEARCH_PATHS = (
					"$(inherited)",
					"@executable_path/Frameworks",
					"@loader_path/Frameworks",
				);
				PRODUCT_BUNDLE_IDENTIFIER = com.workshop.petshop.PetShopTests;
				PRODUCT_NAME = "$(TARGET_NAME)";
				SWIFT_VERSION = 5.0;
				TARGETED_DEVICE_FAMILY = "1,2";
				TEST_HOST = "$(BUILT_PRODUCTS_DIR)/PetShop.app/PetShop";
			};
			name = Debug;
		};
		73D7C303236734C500171DDC /* Release */ = {
			isa = XCBuildConfiguration;
			baseConfigurationReference = 12A531B47CBB429CE91B1A2A /* Pods-PetShopTests.release.xcconfig */;
			buildSettings = {
				ALWAYS_EMBED_SWIFT_STANDARD_LIBRARIES = YES;
				BUNDLE_LOADER = "$(TEST_HOST)";
				CODE_SIGN_STYLE = Automatic;
				DEVELOPMENT_TEAM = YLNRMJB2U3;
				INFOPLIST_FILE = PetShopTests/Info.plist;
				IPHONEOS_DEPLOYMENT_TARGET = 13.0;
				LD_RUNPATH_SEARCH_PATHS = (
					"$(inherited)",
					"@executable_path/Frameworks",
					"@loader_path/Frameworks",
				);
				PRODUCT_BUNDLE_IDENTIFIER = com.workshop.petshop.PetShopTests;
				PRODUCT_NAME = "$(TARGET_NAME)";
				SWIFT_VERSION = 5.0;
				TARGETED_DEVICE_FAMILY = "1,2";
				TEST_HOST = "$(BUILT_PRODUCTS_DIR)/PetShop.app/PetShop";
			};
			name = Release;
		};
/* End XCBuildConfiguration section */

/* Begin XCConfigurationList section */
		73D7C2DA236734C400171DDC /* Build configuration list for PBXProject "PetShop" */ = {
			isa = XCConfigurationList;
			buildConfigurations = (
				73D7C2FC236734C500171DDC /* Debug */,
				73D7C2FD236734C500171DDC /* Release */,
			);
			defaultConfigurationIsVisible = 0;
			defaultConfigurationName = Release;
		};
		73D7C2FE236734C500171DDC /* Build configuration list for PBXNativeTarget "PetShop" */ = {
			isa = XCConfigurationList;
			buildConfigurations = (
				73D7C2FF236734C500171DDC /* Debug */,
				73D7C300236734C500171DDC /* Release */,
			);
			defaultConfigurationIsVisible = 0;
			defaultConfigurationName = Release;
		};
		73D7C301236734C500171DDC /* Build configuration list for PBXNativeTarget "PetShopTests" */ = {
			isa = XCConfigurationList;
			buildConfigurations = (
				73D7C302236734C500171DDC /* Debug */,
				73D7C303236734C500171DDC /* Release */,
			);
			defaultConfigurationIsVisible = 0;
			defaultConfigurationName = Release;
		};
/* End XCConfigurationList section */
	};
	rootObject = 73D7C2D7236734C400171DDC /* Project object */;
}
